
Microsoft Visual Studio Solution File, Format Version 12.00
# Visual Studio Version 17
VisualStudioVersion = 17.8.34219.65
MinimumVisualStudioVersion = 10.0.40219.1
Project("{2150E333-8FDC-42A3-9474-1A3956D46DE8}") = "Domain", "Domain", "{27496580-A75D-4E3E-A450-5563B160D828}"
EndProject
Project("{2150E333-8FDC-42A3-9474-1A3956D46DE8}") = "Infrastructure", "Infrastructure", "{EABF0D40-21D4-42EE-BD2C-294CA214C92D}"
EndProject
Project("{2150E333-8FDC-42A3-9474-1A3956D46DE8}") = "Presentation", "Presentation", "{EEF040C1-ED29-4177-8DBD-B73D4E36D5C0}"
EndProject
Project("{FAE04EC0-301F-11D3-BF4B-00C04F79EFBC}") = "Entities", "Domain\Entities\Entities.csproj", "{688105E0-57BB-4C86-9200-EDB1F61FD389}"
EndProject
Project("{FAE04EC0-301F-11D3-BF4B-00C04F79EFBC}") = "Services", "Domain\Services\Services.csproj", "{647AD4FD-B81D-4C6B-B441-4B3AA9DD337B}"
EndProject
Project("{2150E333-8FDC-42A3-9474-1A3956D46DE8}") = "Application", "Application", "{146F029B-62CD-43A5-90F3-BD2431B60FF0}"
EndProject
Project("{9A19103F-16F7-4668-BE54-9A1E7A4F7556}") = "Commands", "Application\Commands\Commands.csproj", "{46B00EEC-0486-47CA-A04B-D50A8FEE55C1}"
EndProject
Project("{9A19103F-16F7-4668-BE54-9A1E7A4F7556}") = "Queries", "Application\Queries\Queries.csproj", "{7B1BF916-762C-4229-8266-CF3F0E5B8ED9}"
EndProject
Project("{FAE04EC0-301F-11D3-BF4B-00C04F79EFBC}") = "Repositories", "Infrastructure\Repositories\Repositories.csproj", "{9DDA5F14-6F59-40B2-BEEF-0239C8589F1F}"
EndProject
Project("{FAE04EC0-301F-11D3-BF4B-00C04F79EFBC}") = "Persistence", "Infrastructure\Persistence\Persistence.csproj", "{99262DAF-7121-4BD3-A550-882F2BD94003}"
EndProject
Project("{FAE04EC0-301F-11D3-BF4B-00C04F79EFBC}") = "Controllers", "Presentation\Controllers\Controllers.csproj", "{9AF59D2F-DFC1-4758-97F1-5C5AA985F0D9}"
EndProject
Project("{FAE04EC0-301F-11D3-BF4B-00C04F79EFBC}") = "Models", "Presentation\Models\Models.csproj", "{BE299D11-E8B9-473E-9052-613A27E80E1F}"
EndProject
Project("{FAE04EC0-301F-11D3-BF4B-00C04F79EFBC}") = "Mappers", "Application\Mappers\Mappers.csproj", "{3C7ECBD4-8802-4415-AB2E-636DE92446AE}"
EndProject
Global
	GlobalSection(SolutionConfigurationPlatforms) = preSolution
		Debug|Any CPU = Debug|Any CPU
		Release|Any CPU = Release|Any CPU
	EndGlobalSection
	GlobalSection(ProjectConfigurationPlatforms) = postSolution
		{688105E0-57BB-4C86-9200-EDB1F61FD389}.Debug|Any CPU.ActiveCfg = Debug|Any CPU
		{688105E0-57BB-4C86-9200-EDB1F61FD389}.Debug|Any CPU.Build.0 = Debug|Any CPU
		{688105E0-57BB-4C86-9200-EDB1F61FD389}.Release|Any CPU.ActiveCfg = Release|Any CPU
		{688105E0-57BB-4C86-9200-EDB1F61FD389}.Release|Any CPU.Build.0 = Release|Any CPU
		{647AD4FD-B81D-4C6B-B441-4B3AA9DD337B}.Debug|Any CPU.ActiveCfg = Debug|Any CPU
		{647AD4FD-B81D-4C6B-B441-4B3AA9DD337B}.Debug|Any CPU.Build.0 = Debug|Any CPU
		{647AD4FD-B81D-4C6B-B441-4B3AA9DD337B}.Release|Any CPU.ActiveCfg = Release|Any CPU
		{647AD4FD-B81D-4C6B-B441-4B3AA9DD337B}.Release|Any CPU.Build.0 = Release|Any CPU
		{46B00EEC-0486-47CA-A04B-D50A8FEE55C1}.Debug|Any CPU.ActiveCfg = Debug|Any CPU
		{46B00EEC-0486-47CA-A04B-D50A8FEE55C1}.Debug|Any CPU.Build.0 = Debug|Any CPU
		{46B00EEC-0486-47CA-A04B-D50A8FEE55C1}.Release|Any CPU.ActiveCfg = Release|Any CPU
		{46B00EEC-0486-47CA-A04B-D50A8FEE55C1}.Release|Any CPU.Build.0 = Release|Any CPU
		{7B1BF916-762C-4229-8266-CF3F0E5B8ED9}.Debug|Any CPU.ActiveCfg = Debug|Any CPU
		{7B1BF916-762C-4229-8266-CF3F0E5B8ED9}.Debug|Any CPU.Build.0 = Debug|Any CPU
		{7B1BF916-762C-4229-8266-CF3F0E5B8ED9}.Release|Any CPU.ActiveCfg = Release|Any CPU
		{7B1BF916-762C-4229-8266-CF3F0E5B8ED9}.Release|Any CPU.Build.0 = Release|Any CPU
		{9DDA5F14-6F59-40B2-BEEF-0239C8589F1F}.Debug|Any CPU.ActiveCfg = Debug|Any CPU
		{9DDA5F14-6F59-40B2-BEEF-0239C8589F1F}.Debug|Any CPU.Build.0 = Debug|Any CPU
		{9DDA5F14-6F59-40B2-BEEF-0239C8589F1F}.Release|Any CPU.ActiveCfg = Release|Any CPU
		{9DDA5F14-6F59-40B2-BEEF-0239C8589F1F}.Release|Any CPU.Build.0 = Release|Any CPU
		{99262DAF-7121-4BD3-A550-882F2BD94003}.Debug|Any CPU.ActiveCfg = Debug|Any CPU
		{99262DAF-7121-4BD3-A550-882F2BD94003}.Debug|Any CPU.Build.0 = Debug|Any CPU
		{99262DAF-7121-4BD3-A550-882F2BD94003}.Release|Any CPU.ActiveCfg = Release|Any CPU
		{99262DAF-7121-4BD3-A550-882F2BD94003}.Release|Any CPU.Build.0 = Release|Any CPU
		{9AF59D2F-DFC1-4758-97F1-5C5AA985F0D9}.Debug|Any CPU.ActiveCfg = Debug|Any CPU
		{9AF59D2F-DFC1-4758-97F1-5C5AA985F0D9}.Debug|Any CPU.Build.0 = Debug|Any CPU
		{9AF59D2F-DFC1-4758-97F1-5C5AA985F0D9}.Release|Any CPU.ActiveCfg = Release|Any CPU
		{9AF59D2F-DFC1-4758-97F1-5C5AA985F0D9}.Release|Any CPU.Build.0 = Release|Any CPU
		{BE299D11-E8B9-473E-9052-613A27E80E1F}.Debug|Any CPU.ActiveCfg = Debug|Any CPU
		{BE299D11-E8B9-473E-9052-613A27E80E1F}.Debug|Any CPU.Build.0 = Debug|Any CPU
		{BE299D11-E8B9-473E-9052-613A27E80E1F}.Release|Any CPU.ActiveCfg = Release|Any CPU
		{BE299D11-E8B9-473E-9052-613A27E80E1F}.Release|Any CPU.Build.0 = Release|Any CPU
		{3C7ECBD4-8802-4415-AB2E-636DE92446AE}.Debug|Any CPU.ActiveCfg = Debug|Any CPU
		{3C7ECBD4-8802-4415-AB2E-636DE92446AE}.Debug|Any CPU.Build.0 = Debug|Any CPU
		{3C7ECBD4-8802-4415-AB2E-636DE92446AE}.Release|Any CPU.ActiveCfg = Release|Any CPU
		{3C7ECBD4-8802-4415-AB2E-636DE92446AE}.Release|Any CPU.Build.0 = Release|Any CPU
	EndGlobalSection
	GlobalSection(SolutionProperties) = preSolution
		HideSolutionNode = FALSE
	EndGlobalSection
	GlobalSection(NestedProjects) = preSolution
		{688105E0-57BB-4C86-9200-EDB1F61FD389} = {27496580-A75D-4E3E-A450-5563B160D828}
		{647AD4FD-B81D-4C6B-B441-4B3AA9DD337B} = {27496580-A75D-4E3E-A450-5563B160D828}
		{46B00EEC-0486-47CA-A04B-D50A8FEE55C1} = {146F029B-62CD-43A5-90F3-BD2431B60FF0}
		{7B1BF916-762C-4229-8266-CF3F0E5B8ED9} = {146F029B-62CD-43A5-90F3-BD2431B60FF0}
		{9DDA5F14-6F59-40B2-BEEF-0239C8589F1F} = {EABF0D40-21D4-42EE-BD2C-294CA214C92D}
		{99262DAF-7121-4BD3-A550-882F2BD94003} = {EABF0D40-21D4-42EE-BD2C-294CA214C92D}
		{9AF59D2F-DFC1-4758-97F1-5C5AA985F0D9} = {EEF040C1-ED29-4177-8DBD-B73D4E36D5C0}
		{BE299D11-E8B9-473E-9052-613A27E80E1F} = {EEF040C1-ED29-4177-8DBD-B73D4E36D5C0}
		{3C7ECBD4-8802-4415-AB2E-636DE92446AE} = {146F029B-62CD-43A5-90F3-BD2431B60FF0}
	EndGlobalSection
	GlobalSection(ExtensibilityGlobals) = postSolution
		SolutionGuid = {3B488544-35C5-4952-B5C6-B1E19FCA7FAE}
	EndGlobalSection
EndGlobal
